
Microsoft Visual Studio Solution File, Format Version 12.00
# Visual Studio 15
VisualStudioVersion = 15.0.27428.2015
MinimumVisualStudioVersion = 10.0.40219.1
Project("{9A19103F-16F7-4668-BE54-9A1E7A4F7556}") = "FlightCodingTest", "FlightCodingTest\FlightCodingTest.csproj", "{AA4D9DEB-4811-40EB-A740-F137DDC022EC}"
EndProject
Project("{FAE04EC0-301F-11D3-BF4B-00C04F79EFBC}") = "FlightCodingTest.Tests", "FlightCodingTest.Tests\FlightCodingTest.Tests.csproj", "{7AE20C48-2741-4257-9C13-294CAD5074B5}"
EndProject
Global
	GlobalSection(SolutionConfigurationPlatforms) = preSolution
		Debug|Any CPU = Debug|Any CPU
		Release|Any CPU = Release|Any CPU
	EndGlobalSection
	GlobalSection(ProjectConfigurationPlatforms) = postSolution
		{AA4D9DEB-4811-40EB-A740-F137DDC022EC}.Debug|Any CPU.ActiveCfg = Debug|Any CPU
		{AA4D9DEB-4811-40EB-A740-F137DDC022EC}.Debug|Any CPU.Build.0 = Debug|Any CPU
		{AA4D9DEB-4811-40EB-A740-F137DDC022EC}.Release|Any CPU.ActiveCfg = Release|Any CPU
		{AA4D9DEB-4811-40EB-A740-F137DDC022EC}.Release|Any CPU.Build.0 = Release|Any CPU
		{7AE20C48-2741-4257-9C13-294CAD5074B5}.Debug|Any CPU.ActiveCfg = Debug|Any CPU
		{7AE20C48-2741-4257-9C13-294CAD5074B5}.Debug|Any CPU.Build.0 = Debug|Any CPU
		{7AE20C48-2741-4257-9C13-294CAD5074B5}.Release|Any CPU.ActiveCfg = Release|Any CPU
		{7AE20C48-2741-4257-9C13-294CAD5074B5}.Release|Any CPU.Build.0 = Release|Any CPU
	EndGlobalSection
	GlobalSection(SolutionProperties) = preSolution
		HideSolutionNode = FALSE
	EndGlobalSection
	GlobalSection(ExtensibilityGlobals) = postSolution
		SolutionGuid = {7EBE9117-F78E-4482-A8F6-5ACD1E465B0F}
	EndGlobalSection
EndGlobal
